// !$*UTF8*$!
{
	archiveVersion = 1;
	classes = {
	};
	objectVersion = 46;
	objects = {

/* Begin PBXBuildFile section */
		E3C690BA13A3903000413C14 /* UIKit.framework in Frameworks */ = {isa = PBXBuildFile; fileRef = E3C690B913A3903000413C14 /* UIKit.framework */; };
		E3C690BC13A3903000413C14 /* Foundation.framework in Frameworks */ = {isa = PBXBuildFile; fileRef = E3C690BB13A3903000413C14 /* Foundation.framework */; };
		E3C690BE13A3903000413C14 /* CoreGraphics.framework in Frameworks */ = {isa = PBXBuildFile; fileRef = E3C690BD13A3903000413C14 /* CoreGraphics.framework */; };
		E3C690C413A3903000413C14 /* InfoPlist.strings in Resources */ = {isa = PBXBuildFile; fileRef = E3C690C213A3903000413C14 /* InfoPlist.strings */; };
		E3C690C713A3903000413C14 /* main.m in Sources */ = {isa = PBXBuildFile; fileRef = E3C690C613A3903000413C14 /* main.m */; };
		E3C690CA13A3903000413C14 /* HomepwnerAppDelegate.m in Sources */ = {isa = PBXBuildFile; fileRef = E3C690C913A3903000413C14 /* HomepwnerAppDelegate.m */; };
		E3C690CD13A3903000413C14 /* MainWindow.xib in Resources */ = {isa = PBXBuildFile; fileRef = E3C690CB13A3903000413C14 /* MainWindow.xib */; };
/* End PBXBuildFile section */

/* Begin PBXFileReference section */
		E3C690B513A3903000413C14 /* Homepwner.app */ = {isa = PBXFileReference; explicitFileType = wrapper.application; includeInIndex = 0; path = Homepwner.app; sourceTree = BUILT_PRODUCTS_DIR; };
		E3C690B913A3903000413C14 /* UIKit.framework */ = {isa = PBXFileReference; lastKnownFileType = wrapper.framework; name = UIKit.framework; path = System/Library/Frameworks/UIKit.framework; sourceTree = SDKROOT; };
		E3C690BB13A3903000413C14 /* Foundation.framework */ = {isa = PBXFileReference; lastKnownFileType = wrapper.framework; name = Foundation.framework; path = System/Library/Frameworks/Foundation.framework; sourceTree = SDKROOT; };
		E3C690BD13A3903000413C14 /* CoreGraphics.framework */ = {isa = PBXFileReference; lastKnownFileType = wrapper.framework; name = CoreGraphics.framework; path = System/Library/Frameworks/CoreGraphics.framework; sourceTree = SDKROOT; };
		E3C690C113A3903000413C14 /* Homepwner-Info.plist */ = {isa = PBXFileReference; path = "Homepwner-Info.plist"; sourceTree = "<group>"; };
		E3C690C313A3903000413C14 /* en */ = {isa = PBXFileReference; lastKnownFileType = text.plist.strings; name = en; path = en.lproj/InfoPlist.strings; sourceTree = "<group>"; };
		E3C690C513A3903000413C14 /* Homepwner-Prefix.pch */ = {isa = PBXFileReference; path = "Homepwner-Prefix.pch"; sourceTree = "<group>"; };
		E3C690C613A3903000413C14 /* main.m */ = {isa = PBXFileReference; lastKnownFileType = sourcecode.c.objc; path = main.m; sourceTree = "<group>"; };
		E3C690C813A3903000413C14 /* HomepwnerAppDelegate.h */ = {isa = PBXFileReference; path = HomepwnerAppDelegate.h; sourceTree = "<group>"; };
		E3C690C913A3903000413C14 /* HomepwnerAppDelegate.m */ = {isa = PBXFileReference; lastKnownFileType = sourcecode.c.objc; path = HomepwnerAppDelegate.m; sourceTree = "<group>"; };
		E3C690CC13A3903000413C14 /* en */ = {isa = PBXFileReference; lastKnownFileType = file.xib; name = en; path = en.lproj/MainWindow.xib; sourceTree = "<group>"; };
/* End PBXFileReference section */

/* Begin PBXFrameworksBuildPhase section */
		E3C690B213A3903000413C14 /* Frameworks */ = {
			isa = PBXFrameworksBuildPhase;
			buildActionMask = 2147483647;
			files = (
				E3C690BA13A3903000413C14 /* UIKit.framework in Frameworks */,
				E3C690BC13A3903000413C14 /* Foundation.framework in Frameworks */,
				E3C690BE13A3903000413C14 /* CoreGraphics.framework in Frameworks */,
			);
			runOnlyForDeploymentPostprocessing = 0;
		};
/* End PBXFrameworksBuildPhase section */

/* Begin PBXGroup section */
		E3C690AA13A3903000413C14 = {
			isa = PBXGroup;
			children = (
				E3C690BF13A3903000413C14 /* Homepwner */,
				E3C690B813A3903000413C14 /* Frameworks */,
				E3C690B613A3903000413C14 /* Products */,
			);
			sourceTree = "<group>";
		};
		E3C690B613A3903000413C14 /* Products */ = {
			isa = PBXGroup;
			children = (
				E3C690B513A3903000413C14 /* Homepwner.app */,
			);
			name = Products;
			sourceTree = "<group>";
		};
		E3C690B813A3903000413C14 /* Frameworks */ = {
			isa = PBXGroup;
			children = (
				E3C690B913A3903000413C14 /* UIKit.framework */,
				E3C690BB13A3903000413C14 /* Foundation.framework */,
				E3C690BD13A3903000413C14 /* CoreGraphics.framework */,
			);
			name = Frameworks;
			sourceTree = "<group>";
		};
		E3C690BF13A3903000413C14 /* Homepwner */ = {
			isa = PBXGroup;
			children = (
				E3C690C813A3903000413C14 /* HomepwnerAppDelegate.h */,
				E3C690C913A3903000413C14 /* HomepwnerAppDelegate.m */,
				E3C690CB13A3903000413C14 /* MainWindow.xib */,
				E3C690C013A3903000413C14 /* Supporting Files */,
			);
			path = Homepwner;
			sourceTree = "<group>";
		};
		E3C690C013A3903000413C14 /* Supporting Files */ = {
			isa = PBXGroup;
			children = (
				E3C690C113A3903000413C14 /* Homepwner-Info.plist */,
				E3C690C213A3903000413C14 /* InfoPlist.strings */,
				E3C690C513A3903000413C14 /* Homepwner-Prefix.pch */,
				E3C690C613A3903000413C14 /* main.m */,
			);
			name = "Supporting Files";
			sourceTree = "<group>";
		};
/* End PBXGroup section */

/* Begin PBXNativeTarget section */
		E3C690B413A3903000413C14 /* Homepwner */ = {
			isa = PBXNativeTarget;
			buildConfigurationList = E3C690D013A3903000413C14 /* Build configuration list for PBXNativeTarget "Homepwner" */;
			buildPhases = (
				E3C690B113A3903000413C14 /* Sources */,
				E3C690B213A3903000413C14 /* Frameworks */,
				E3C690B313A3903000413C14 /* Resources */,
			);
			buildRules = (
			);
			dependencies = (
			);
			name = Homepwner;
			productName = Homepwner;
			productReference = E3C690B513A3903000413C14 /* Homepwner.app */;
			productType = "com.apple.product-type.application";
		};
/* End PBXNativeTarget section */

/* Begin PBXProject section */
		E3C690AC13A3903000413C14 /* Project object */ = {
			isa = PBXProject;
			buildConfigurationList = E3C690AF13A3903000413C14 /* Build configuration list for PBXProject "Homepwner" */;
			compatibilityVersion = "Xcode 3.2";
			developmentRegion = English;
			hasScannedForEncodings = 0;
			knownRegions = (
				en,
			);
			mainGroup = E3C690AA13A3903000413C14;
			productRefGroup = E3C690B613A3903000413C14 /* Products */;
			projectDirPath = "";
			projectRoot = "";
			targets = (
				E3C690B413A3903000413C14 /* Homepwner */,
			);
		};
/* End PBXProject section */

/* Begin PBXResourcesBuildPhase section */
		E3C690B313A3903000413C14 /* Resources */ = {
			isa = PBXResourcesBuildPhase;
			buildActionMask = 2147483647;
			files = (
				E3C690C413A3903000413C14 /* InfoPlist.strings in Resources */,
				E3C690CD13A3903000413C14 /* MainWindow.xib in Resources */,
			);
			runOnlyForDeploymentPostprocessing = 0;
		};
/* End PBXResourcesBuildPhase section */

/* Begin PBXSourcesBuildPhase section */
		E3C690B113A3903000413C14 /* Sources */ = {
			isa = PBXSourcesBuildPhase;
			buildActionMask = 2147483647;
			files = (
				E3C690C713A3903000413C14 /* main.m in Sources */,
				E3C690CA13A3903000413C14 /* HomepwnerAppDelegate.m in Sources */,
			);
			runOnlyForDeploymentPostprocessing = 0;
		};
/* End PBXSourcesBuildPhase section */

/* Begin PBXVariantGroup section */
		E3C690C213A3903000413C14 /* InfoPlist.strings */ = {
			isa = PBXVariantGroup;
			children = (
				E3C690C313A3903000413C14 /* en */,
			);
			name = InfoPlist.strings;
			sourceTree = "<group>";
		};
		E3C690CB13A3903000413C14 /* MainWindow.xib */ = {
			isa = PBXVariantGroup;
			children = (
				E3C690CC13A3903000413C14 /* en */,
			);
			name = MainWindow.xib;
			sourceTree = "<group>";
		};
/* End PBXVariantGroup section */

/* Begin XCBuildConfiguration section */
		E3C690CE13A3903000413C14 /* Debug */ = {
			isa = XCBuildConfiguration;
			buildSettings = {
				ARCHS = "$(ARCHS_STANDARD_32_BIT)";
				"CODE_SIGN_IDENTITY[sdk=iphoneos*]" = "iPhone Developer";
				GCC_C_LANGUAGE_STANDARD = gnu99;
				GCC_OPTIMIZATION_LEVEL = 0;
				GCC_PREPROCESSOR_DEFINITIONS = DEBUG;
				GCC_SYMBOLS_PRIVATE_EXTERN = NO;
				GCC_VERSION = com.apple.compilers.llvmgcc42;
				GCC_WARN_ABOUT_RETURN_TYPE = YES;
				GCC_WARN_UNUSED_VARIABLE = YES;
				IPHONEOS_DEPLOYMENT_TARGET = 4.3;
				SDKROOT = iphoneos;
			};
			name = Debug;
		};
		E3C690CF13A3903000413C14 /* Release */ = {
			isa = XCBuildConfiguration;
			buildSettings = {
				ARCHS = "$(ARCHS_STANDARD_32_BIT)";
				"CODE_SIGN_IDENTITY[sdk=iphoneos*]" = "iPhone Developer";
				GCC_C_LANGUAGE_STANDARD = gnu99;
				GCC_VERSION = com.apple.compilers.llvmgcc42;
				GCC_WARN_ABOUT_RETURN_TYPE = YES;
				GCC_WARN_UNUSED_VARIABLE = YES;
				IPHONEOS_DEPLOYMENT_TARGET = 4.3;
				OTHER_CFLAGS = "-DNS_BLOCK_ASSERTIONS=1";
				SDKROOT = iphoneos;
			};
			name = Release;
		};
		E3C690D113A3903000413C14 /* Debug */ = {
			isa = XCBuildConfiguration;
			buildSettings = {
				ALWAYS_SEARCH_USER_PATHS = NO;
				COPY_PHASE_STRIP = NO;
				GCC_DYNAMIC_NO_PIC = NO;
				GCC_PRECOMPILE_PREFIX_HEADER = YES;
				GCC_PREFIX_HEADER = "Homepwner/Homepwner-Prefix.pch";
				INFOPLIST_FILE = "Homepwner/Homepwner-Info.plist";
				PRODUCT_NAME = "$(TARGET_NAME)";
				WRAPPER_EXTENSION = app;
			};
			name = Debug;
		};
		E3C690D213A3903000413C14 /* Release */ = {
			isa = XCBuildConfiguration;
			buildSettings = {
				ALWAYS_SEARCH_USER_PATHS = NO;
				COPY_PHASE_STRIP = YES;
				GCC_PRECOMPILE_PREFIX_HEADER = YES;
				GCC_PREFIX_HEADER = "Homepwner/Homepwner-Prefix.pch";
				INFOPLIST_FILE = "Homepwner/Homepwner-Info.plist";
				PRODUCT_NAME = "$(TARGET_NAME)";
				VALIDATE_PRODUCT = YES;
				WRAPPER_EXTENSION = app;
			};
			name = Release;
		};
/* End XCBuildConfiguration section */

/* Begin XCConfigurationList section */
		E3C690AF13A3903000413C14 /* Build configuration list for PBXProject "Homepwner" */ = {
			isa = XCConfigurationList;
			buildConfigurations = (
				E3C690CE13A3903000413C14 /* Debug */,
				E3C690CF13A3903000413C14 /* Release */,
			);
			defaultConfigurationIsVisible = 0;
			defaultConfigurationName = Release;
		};
		E3C690D013A3903000413C14 /* Build configuration list for PBXNativeTarget "Homepwner" */ = {
			isa = XCConfigurationList;
			buildConfigurations = (
				E3C690D113A3903000413C14 /* Debug */,
				E3C690D213A3903000413C14 /* Release */,
			);
			defaultConfigurationIsVisible = 0;
		};
/* End XCConfigurationList section */
	};
	rootObject = E3C690AC13A3903000413C14 /* Project object */;
}
